
Microsoft Visual Studio Solution File, Format Version 12.00
# Visual Studio 15
VisualStudioVersion = 15.0.27130.2024
MinimumVisualStudioVersion = 10.0.40219.1
Project("{FAE04EC0-301F-11D3-BF4B-00C04F79EFBC}") = "BaseConverter", "BaseConverter\BaseConverter.csproj", "{5C17F23E-70A0-4498-8A42-346F80DA59E3}"
EndProject
Global
	GlobalSection(SolutionConfigurationPlatforms) = preSolution
		Debug|Any CPU = Debug|Any CPU
		Release|Any CPU = Release|Any CPU
	EndGlobalSection
	GlobalSection(ProjectConfigurationPlatforms) = postSolution
		{5C17F23E-70A0-4498-8A42-346F80DA59E3}.Debug|Any CPU.ActiveCfg = Debug|Any CPU
		{5C17F23E-70A0-4498-8A42-346F80DA59E3}.Debug|Any CPU.Build.0 = Debug|Any CPU
		{5C17F23E-70A0-4498-8A42-346F80DA59E3}.Release|Any CPU.ActiveCfg = Release|Any CPU
		{5C17F23E-70A0-4498-8A42-346F80DA59E3}.Release|Any CPU.Build.0 = Release|Any CPU
	EndGlobalSection
	GlobalSection(SolutionProperties) = preSolution
		HideSolutionNode = FALSE
	EndGlobalSection
	GlobalSection(ExtensibilityGlobals) = postSolution
		SolutionGuid = {D7776BD5-F31B-45A3-AF17-18E1BC2715D2}
	EndGlobalSection
EndGlobal
